
Microsoft Visual Studio Solution File, Format Version 12.00
# Visual Studio Version 17
VisualStudioVersion = 17.11.35312.102
MinimumVisualStudioVersion = 10.0.40219.1
Project("{8BC9CEB8-8B4A-11D0-8D11-00A0C91BC942}") = "seminar4", "seminar4\seminar4.vcxproj", "{0B8B81C7-57F7-4C25-87C0-34E7C758371B}"
EndProject
Project("{8BC9CEB8-8B4A-11D0-8D11-00A0C91BC942}") = "tests", "tests\tests.vcxproj", "{4F5093F0-158B-4211-99F8-A10411D5A930}"
EndProject
Global
	GlobalSection(SolutionConfigurationPlatforms) = preSolution
		Debug|x64 = Debug|x64
		Debug|x86 = Debug|x86
		Release|x64 = Release|x64
		Release|x86 = Release|x86
	EndGlobalSection
	GlobalSection(ProjectConfigurationPlatforms) = postSolution
		{0B8B81C7-57F7-4C25-87C0-34E7C758371B}.Debug|x64.ActiveCfg = Debug|x64
		{0B8B81C7-57F7-4C25-87C0-34E7C758371B}.Debug|x64.Build.0 = Debug|x64
		{0B8B81C7-57F7-4C25-87C0-34E7C758371B}.Debug|x86.ActiveCfg = Debug|Win32
		{0B8B81C7-57F7-4C25-87C0-34E7C758371B}.Debug|x86.Build.0 = Debug|Win32
		{0B8B81C7-57F7-4C25-87C0-34E7C758371B}.Release|x64.ActiveCfg = Release|x64
		{0B8B81C7-57F7-4C25-87C0-34E7C758371B}.Release|x64.Build.0 = Release|x64
		{0B8B81C7-57F7-4C25-87C0-34E7C758371B}.Release|x86.ActiveCfg = Release|Win32
		{0B8B81C7-57F7-4C25-87C0-34E7C758371B}.Release|x86.Build.0 = Release|Win32
		{4F5093F0-158B-4211-99F8-A10411D5A930}.Debug|x64.ActiveCfg = Debug|x64
		{4F5093F0-158B-4211-99F8-A10411D5A930}.Debug|x64.Build.0 = Debug|x64
		{4F5093F0-158B-4211-99F8-A10411D5A930}.Debug|x86.ActiveCfg = Debug|Win32
		{4F5093F0-158B-4211-99F8-A10411D5A930}.Debug|x86.Build.0 = Debug|Win32
		{4F5093F0-158B-4211-99F8-A10411D5A930}.Release|x64.ActiveCfg = Release|x64
		{4F5093F0-158B-4211-99F8-A10411D5A930}.Release|x64.Build.0 = Release|x64
		{4F5093F0-158B-4211-99F8-A10411D5A930}.Release|x86.ActiveCfg = Release|Win32
		{4F5093F0-158B-4211-99F8-A10411D5A930}.Release|x86.Build.0 = Release|Win32
	EndGlobalSection
	GlobalSection(SolutionProperties) = preSolution
		HideSolutionNode = FALSE
	EndGlobalSection
	GlobalSection(ExtensibilityGlobals) = postSolution
		SolutionGuid = {683A1BE7-0AF6-44DA-8A29-A5EAEE516D50}
	EndGlobalSection
EndGlobal
